
Microsoft Visual Studio Solution File, Format Version 12.00
Project("{FAE04EC0-301F-11D3-BF4B-00C04F79EFBC}") = "MagmaDys_BetterRegentUpgrades", "MagmaDys_BetterRegentUpgrades.csproj", "{BEF51465-4C52-4EB5-864B-44EB9CFD4F0E}"
EndProject
Global
	GlobalSection(SolutionConfigurationPlatforms) = preSolution
		Debug|Any CPU = Debug|Any CPU
		ExportDebug|Any CPU = ExportDebug|Any CPU
		ExportRelease|Any CPU = ExportRelease|Any CPU
	EndGlobalSection
	GlobalSection(ProjectConfigurationPlatforms) = postSolution
		{BEF51465-4C52-4EB5-864B-44EB9CFD4F0E}.Debug|Any CPU.ActiveCfg = Debug|Any CPU
		{BEF51465-4C52-4EB5-864B-44EB9CFD4F0E}.Debug|Any CPU.Build.0 = Debug|Any CPU
		{BEF51465-4C52-4EB5-864B-44EB9CFD4F0E}.ExportDebug|Any CPU.ActiveCfg = ExportDebug|Any CPU
		{BEF51465-4C52-4EB5-864B-44EB9CFD4F0E}.ExportDebug|Any CPU.Build.0 = ExportDebug|Any CPU
		{BEF51465-4C52-4EB5-864B-44EB9CFD4F0E}.ExportRelease|Any CPU.ActiveCfg = ExportRelease|Any CPU
		{BEF51465-4C52-4EB5-864B-44EB9CFD4F0E}.ExportRelease|Any CPU.Build.0 = ExportRelease|Any CPU
	EndGlobalSection
EndGlobal
